
Microsoft Visual Studio Solution File, Format Version 12.00
# Visual Studio Version 17
VisualStudioVersion = 17.14.36414.22 d17.14
MinimumVisualStudioVersion = 10.0.40219.1
Project("{FAE04EC0-301F-11D3-BF4B-00C04F79EFBC}") = "Rock-paper-scizors", "Rock-paper-scizors\Rock-paper-scizors.csproj", "{852BAA69-5857-4F4D-8A9B-C47377806F7A}"
EndProject
Global
	GlobalSection(SolutionConfigurationPlatforms) = preSolution
		Debug|Any CPU = Debug|Any CPU
		Release|Any CPU = Release|Any CPU
	EndGlobalSection
	GlobalSection(ProjectConfigurationPlatforms) = postSolution
		{852BAA69-5857-4F4D-8A9B-C47377806F7A}.Debug|Any CPU.ActiveCfg = Debug|Any CPU
		{852BAA69-5857-4F4D-8A9B-C47377806F7A}.Debug|Any CPU.Build.0 = Debug|Any CPU
		{852BAA69-5857-4F4D-8A9B-C47377806F7A}.Release|Any CPU.ActiveCfg = Release|Any CPU
		{852BAA69-5857-4F4D-8A9B-C47377806F7A}.Release|Any CPU.Build.0 = Release|Any CPU
	EndGlobalSection
	GlobalSection(SolutionProperties) = preSolution
		HideSolutionNode = FALSE
	EndGlobalSection
	GlobalSection(ExtensibilityGlobals) = postSolution
		SolutionGuid = {84F83091-B742-4AFD-90F3-02D16B524E1F}
	EndGlobalSection
EndGlobal
